// !$*UTF8*$!
{
	archiveVersion = 1;
	classes = {
	};
	objectVersion = 56;
	objects = {

/* Begin PBXBuildFile section */
		6382BE9D2A8129FA00EAC453 /* LandMarkRow.swift in Sources */ = {isa = PBXBuildFile; fileRef = 6382BE9C2A8129FA00EAC453 /* LandMarkRow.swift */; };
		6382BE9F2A812D4900EAC453 /* LandMarkList.swift in Sources */ = {isa = PBXBuildFile; fileRef = 6382BE9E2A812D4900EAC453 /* LandMarkList.swift */; };
		6382BEA12A81311600EAC453 /* LandMarkDetail.swift in Sources */ = {isa = PBXBuildFile; fileRef = 6382BEA02A81311600EAC453 /* LandMarkDetail.swift */; };
		63A7C7C42A7941A600FE8BBC /* LandmarkApp.swift in Sources */ = {isa = PBXBuildFile; fileRef = 63A7C7C32A7941A600FE8BBC /* LandmarkApp.swift */; };
		63A7C7C62A7941A600FE8BBC /* Persistence.swift in Sources */ = {isa = PBXBuildFile; fileRef = 63A7C7C52A7941A600FE8BBC /* Persistence.swift */; };
		63A7C7C92A7941A600FE8BBC /* Landmark.xcdatamodeld in Sources */ = {isa = PBXBuildFile; fileRef = 63A7C7C72A7941A600FE8BBC /* Landmark.xcdatamodeld */; };
		63A7C7CB2A7941A600FE8BBC /* ContentView.swift in Sources */ = {isa = PBXBuildFile; fileRef = 63A7C7CA2A7941A600FE8BBC /* ContentView.swift */; };
		63A7C7CD2A7941A800FE8BBC /* Assets.xcassets in Resources */ = {isa = PBXBuildFile; fileRef = 63A7C7CC2A7941A800FE8BBC /* Assets.xcassets */; };
		63A7C7D12A7941A800FE8BBC /* Preview Assets.xcassets in Resources */ = {isa = PBXBuildFile; fileRef = 63A7C7D02A7941A800FE8BBC /* Preview Assets.xcassets */; };
		63A7C7DB2A7941A800FE8BBC /* LandmarkTests.swift in Sources */ = {isa = PBXBuildFile; fileRef = 63A7C7DA2A7941A800FE8BBC /* LandmarkTests.swift */; };
		63A7C7E52A7941A800FE8BBC /* LandmarkUITests.swift in Sources */ = {isa = PBXBuildFile; fileRef = 63A7C7E42A7941A800FE8BBC /* LandmarkUITests.swift */; };
		63A7C7E72A7941A800FE8BBC /* LandmarkUITestsLaunchTests.swift in Sources */ = {isa = PBXBuildFile; fileRef = 63A7C7E62A7941A800FE8BBC /* LandmarkUITestsLaunchTests.swift */; };
		63B4CD3E2A7BC9C500E2DBDC /* CircleImage.swift in Sources */ = {isa = PBXBuildFile; fileRef = 63B4CD3D2A7BC9C500E2DBDC /* CircleImage.swift */; };
		63B4CD402A7BCB2800E2DBDC /* MapView.swift in Sources */ = {isa = PBXBuildFile; fileRef = 63B4CD3F2A7BCB2800E2DBDC /* MapView.swift */; };
		63B4CD442A7BD8A100E2DBDC /* landmarkData.json in Resources */ = {isa = PBXBuildFile; fileRef = 63B4CD432A7BD8A100E2DBDC /* landmarkData.json */; };
		63B4CD462A7BD8C700E2DBDC /* Landmark.swift in Sources */ = {isa = PBXBuildFile; fileRef = 63B4CD452A7BD8C700E2DBDC /* Landmark.swift */; };
		63B4CD482A7BDF3800E2DBDC /* ModelData.swift in Sources */ = {isa = PBXBuildFile; fileRef = 63B4CD472A7BDF3800E2DBDC /* ModelData.swift */; };
/* End PBXBuildFile section */

/* Begin PBXContainerItemProxy section */
		63A7C7D72A7941A800FE8BBC /* PBXContainerItemProxy */ = {
			isa = PBXContainerItemProxy;
			containerPortal = 63A7C7B82A7941A600FE8BBC /* Project object */;
			proxyType = 1;
			remoteGlobalIDString = 63A7C7BF2A7941A600FE8BBC;
			remoteInfo = Landmark;
		};
		63A7C7E12A7941A800FE8BBC /* PBXContainerItemProxy */ = {
			isa = PBXContainerItemProxy;
			containerPortal = 63A7C7B82A7941A600FE8BBC /* Project object */;
			proxyType = 1;
			remoteGlobalIDString = 63A7C7BF2A7941A600FE8BBC;
			remoteInfo = Landmark;
		};
/* End PBXContainerItemProxy section */

/* Begin PBXFileReference section */
		6382BE9C2A8129FA00EAC453 /* LandMarkRow.swift */ = {isa = PBXFileReference; lastKnownFileType = sourcecode.swift; path = LandMarkRow.swift; sourceTree = "<group>"; };
		6382BE9E2A812D4900EAC453 /* LandMarkList.swift */ = {isa = PBXFileReference; lastKnownFileType = sourcecode.swift; path = LandMarkList.swift; sourceTree = "<group>"; };
		6382BEA02A81311600EAC453 /* LandMarkDetail.swift */ = {isa = PBXFileReference; lastKnownFileType = sourcecode.swift; path = LandMarkDetail.swift; sourceTree = "<group>"; };
		63A7C7C02A7941A600FE8BBC /* Landmark.app */ = {isa = PBXFileReference; explicitFileType = wrapper.application; includeInIndex = 0; path = Landmark.app; sourceTree = BUILT_PRODUCTS_DIR; };
		63A7C7C32A7941A600FE8BBC /* LandmarkApp.swift */ = {isa = PBXFileReference; lastKnownFileType = sourcecode.swift; path = LandmarkApp.swift; sourceTree = "<group>"; };
		63A7C7C52A7941A600FE8BBC /* Persistence.swift */ = {isa = PBXFileReference; lastKnownFileType = sourcecode.swift; path = Persistence.swift; sourceTree = "<group>"; };
		63A7C7C82A7941A600FE8BBC /* Landmark.xcdatamodel */ = {isa = PBXFileReference; lastKnownFileType = wrapper.xcdatamodel; path = Landmark.xcdatamodel; sourceTree = "<group>"; };
		63A7C7CA2A7941A600FE8BBC /* ContentView.swift */ = {isa = PBXFileReference; lastKnownFileType = sourcecode.swift; path = ContentView.swift; sourceTree = "<group>"; };
		63A7C7CC2A7941A800FE8BBC /* Assets.xcassets */ = {isa = PBXFileReference; lastKnownFileType = folder.assetcatalog; path = Assets.xcassets; sourceTree = "<group>"; };
		63A7C7CE2A7941A800FE8BBC /* Landmark.entitlements */ = {isa = PBXFileReference; lastKnownFileType = text.plist.entitlements; path = Landmark.entitlements; sourceTree = "<group>"; };
		63A7C7D02A7941A800FE8BBC /* Preview Assets.xcassets */ = {isa = PBXFileReference; lastKnownFileType = folder.assetcatalog; path = "Preview Assets.xcassets"; sourceTree = "<group>"; };
		63A7C7D62A7941A800FE8BBC /* LandmarkTests.xctest */ = {isa = PBXFileReference; explicitFileType = wrapper.cfbundle; includeInIndex = 0; path = LandmarkTests.xctest; sourceTree = BUILT_PRODUCTS_DIR; };
		63A7C7DA2A7941A800FE8BBC /* LandmarkTests.swift */ = {isa = PBXFileReference; lastKnownFileType = sourcecode.swift; path = LandmarkTests.swift; sourceTree = "<group>"; };
		63A7C7E02A7941A800FE8BBC /* LandmarkUITests.xctest */ = {isa = PBXFileReference; explicitFileType = wrapper.cfbundle; includeInIndex = 0; path = LandmarkUITests.xctest; sourceTree = BUILT_PRODUCTS_DIR; };
		63A7C7E42A7941A800FE8BBC /* LandmarkUITests.swift */ = {isa = PBXFileReference; lastKnownFileType = sourcecode.swift; path = LandmarkUITests.swift; sourceTree = "<group>"; };
		63A7C7E62A7941A800FE8BBC /* LandmarkUITestsLaunchTests.swift */ = {isa = PBXFileReference; lastKnownFileType = sourcecode.swift; path = LandmarkUITestsLaunchTests.swift; sourceTree = "<group>"; };
		63B4CD3D2A7BC9C500E2DBDC /* CircleImage.swift */ = {isa = PBXFileReference; lastKnownFileType = sourcecode.swift; path = CircleImage.swift; sourceTree = "<group>"; };
		63B4CD3F2A7BCB2800E2DBDC /* MapView.swift */ = {isa = PBXFileReference; lastKnownFileType = sourcecode.swift; path = MapView.swift; sourceTree = "<group>"; };
		63B4CD432A7BD8A100E2DBDC /* landmarkData.json */ = {isa = PBXFileReference; fileEncoding = 4; lastKnownFileType = text.json; path = landmarkData.json; sourceTree = "<group>"; };
		63B4CD452A7BD8C700E2DBDC /* Landmark.swift */ = {isa = PBXFileReference; lastKnownFileType = sourcecode.swift; path = Landmark.swift; sourceTree = "<group>"; };
		63B4CD472A7BDF3800E2DBDC /* ModelData.swift */ = {isa = PBXFileReference; lastKnownFileType = sourcecode.swift; path = ModelData.swift; sourceTree = "<group>"; };
/* End PBXFileReference section */

/* Begin PBXFrameworksBuildPhase section */
		63A7C7BD2A7941A600FE8BBC /* Frameworks */ = {
			isa = PBXFrameworksBuildPhase;
			buildActionMask = 2147483647;
			files = (
			);
			runOnlyForDeploymentPostprocessing = 0;
		};
		63A7C7D32A7941A800FE8BBC /* Frameworks */ = {
			isa = PBXFrameworksBuildPhase;
			buildActionMask = 2147483647;
			files = (
			);
			runOnlyForDeploymentPostprocessing = 0;
		};
		63A7C7DD2A7941A800FE8BBC /* Frameworks */ = {
			isa = PBXFrameworksBuildPhase;
			buildActionMask = 2147483647;
			files = (
			);
			runOnlyForDeploymentPostprocessing = 0;
		};
/* End PBXFrameworksBuildPhase section */

/* Begin PBXGroup section */
		63A7C7B72A7941A600FE8BBC = {
			isa = PBXGroup;
			children = (
				63A7C7C22A7941A600FE8BBC /* Landmark */,
				63A7C7D92A7941A800FE8BBC /* LandmarkTests */,
				63A7C7E32A7941A800FE8BBC /* LandmarkUITests */,
				63A7C7C12A7941A600FE8BBC /* Products */,
			);
			sourceTree = "<group>";
		};
		63A7C7C12A7941A600FE8BBC /* Products */ = {
			isa = PBXGroup;
			children = (
				63A7C7C02A7941A600FE8BBC /* Landmark.app */,
				63A7C7D62A7941A800FE8BBC /* LandmarkTests.xctest */,
				63A7C7E02A7941A800FE8BBC /* LandmarkUITests.xctest */,
			);
			name = Products;
			sourceTree = "<group>";
		};
		63A7C7C22A7941A600FE8BBC /* Landmark */ = {
			isa = PBXGroup;
			children = (
				63B4CD4B2A7BE2A200E2DBDC /* Resources */,
				63B4CD4A2A7BE28D00E2DBDC /* Model */,
				63B4CD492A7BE25C00E2DBDC /* Views */,
				63A7C7C32A7941A600FE8BBC /* LandmarkApp.swift */,
				63A7C7C52A7941A600FE8BBC /* Persistence.swift */,
				63A7C7CC2A7941A800FE8BBC /* Assets.xcassets */,
				63A7C7CE2A7941A800FE8BBC /* Landmark.entitlements */,
				63A7C7C72A7941A600FE8BBC /* Landmark.xcdatamodeld */,
				63A7C7CF2A7941A800FE8BBC /* Preview Content */,
			);
			path = Landmark;
			sourceTree = "<group>";
		};
		63A7C7CF2A7941A800FE8BBC /* Preview Content */ = {
			isa = PBXGroup;
			children = (
				63A7C7D02A7941A800FE8BBC /* Preview Assets.xcassets */,
			);
			path = "Preview Content";
			sourceTree = "<group>";
		};
		63A7C7D92A7941A800FE8BBC /* LandmarkTests */ = {
			isa = PBXGroup;
			children = (
				63A7C7DA2A7941A800FE8BBC /* LandmarkTests.swift */,
			);
			path = LandmarkTests;
			sourceTree = "<group>";
		};
		63A7C7E32A7941A800FE8BBC /* LandmarkUITests */ = {
			isa = PBXGroup;
			children = (
				63A7C7E42A7941A800FE8BBC /* LandmarkUITests.swift */,
				63A7C7E62A7941A800FE8BBC /* LandmarkUITestsLaunchTests.swift */,
			);
			path = LandmarkUITests;
			sourceTree = "<group>";
		};
		63B4CD492A7BE25C00E2DBDC /* Views */ = {
			isa = PBXGroup;
			children = (
				6382BE9C2A8129FA00EAC453 /* LandMarkRow.swift */,
				6382BE9E2A812D4900EAC453 /* LandMarkList.swift */,
				63B4CD3F2A7BCB2800E2DBDC /* MapView.swift */,
				63B4CD3D2A7BC9C500E2DBDC /* CircleImage.swift */,
				63A7C7CA2A7941A600FE8BBC /* ContentView.swift */,
				6382BEA02A81311600EAC453 /* LandMarkDetail.swift */,
			);
			path = Views;
			sourceTree = "<group>";
		};
		63B4CD4A2A7BE28D00E2DBDC /* Model */ = {
			isa = PBXGroup;
			children = (
				63B4CD452A7BD8C700E2DBDC /* Landmark.swift */,
				63B4CD472A7BDF3800E2DBDC /* ModelData.swift */,
			);
			path = Model;
			sourceTree = "<group>";
		};
		63B4CD4B2A7BE2A200E2DBDC /* Resources */ = {
			isa = PBXGroup;
			children = (
				63B4CD432A7BD8A100E2DBDC /* landmarkData.json */,
			);
			path = Resources;
			sourceTree = "<group>";
		};
/* End PBXGroup section */

/* Begin PBXNativeTarget section */
		63A7C7BF2A7941A600FE8BBC /* Landmark */ = {
			isa = PBXNativeTarget;
			buildConfigurationList = 63A7C7EA2A7941A800FE8BBC /* Build configuration list for PBXNativeTarget "Landmark" */;
			buildPhases = (
				63A7C7BC2A7941A600FE8BBC /* Sources */,
				63A7C7BD2A7941A600FE8BBC /* Frameworks */,
				63A7C7BE2A7941A600FE8BBC /* Resources */,
			);
			buildRules = (
			);
			dependencies = (
			);
			name = Landmark;
			productName = Landmark;
			productReference = 63A7C7C02A7941A600FE8BBC /* Landmark.app */;
			productType = "com.apple.product-type.application";
		};
		63A7C7D52A7941A800FE8BBC /* LandmarkTests */ = {
			isa = PBXNativeTarget;
			buildConfigurationList = 63A7C7ED2A7941A800FE8BBC /* Build configuration list for PBXNativeTarget "LandmarkTests" */;
			buildPhases = (
				63A7C7D22A7941A800FE8BBC /* Sources */,
				63A7C7D32A7941A800FE8BBC /* Frameworks */,
				63A7C7D42A7941A800FE8BBC /* Resources */,
			);
			buildRules = (
			);
			dependencies = (
				63A7C7D82A7941A800FE8BBC /* PBXTargetDependency */,
			);
			name = LandmarkTests;
			productName = LandmarkTests;
			productReference = 63A7C7D62A7941A800FE8BBC /* LandmarkTests.xctest */;
			productType = "com.apple.product-type.bundle.unit-test";
		};
		63A7C7DF2A7941A800FE8BBC /* LandmarkUITests */ = {
			isa = PBXNativeTarget;
			buildConfigurationList = 63A7C7F02A7941A800FE8BBC /* Build configuration list for PBXNativeTarget "LandmarkUITests" */;
			buildPhases = (
				63A7C7DC2A7941A800FE8BBC /* Sources */,
				63A7C7DD2A7941A800FE8BBC /* Frameworks */,
				63A7C7DE2A7941A800FE8BBC /* Resources */,
			);
			buildRules = (
			);
			dependencies = (
				63A7C7E22A7941A800FE8BBC /* PBXTargetDependency */,
			);
			name = LandmarkUITests;
			productName = LandmarkUITests;
			productReference = 63A7C7E02A7941A800FE8BBC /* LandmarkUITests.xctest */;
			productType = "com.apple.product-type.bundle.ui-testing";
		};
/* End PBXNativeTarget section */

/* Begin PBXProject section */
		63A7C7B82A7941A600FE8BBC /* Project object */ = {
			isa = PBXProject;
			attributes = {
				BuildIndependentTargetsInParallel = 1;
				LastSwiftUpdateCheck = 1430;
				LastUpgradeCheck = 1430;
				TargetAttributes = {
					63A7C7BF2A7941A600FE8BBC = {
						CreatedOnToolsVersion = 14.3.1;
					};
					63A7C7D52A7941A800FE8BBC = {
						CreatedOnToolsVersion = 14.3.1;
						TestTargetID = 63A7C7BF2A7941A600FE8BBC;
					};
					63A7C7DF2A7941A800FE8BBC = {
						CreatedOnToolsVersion = 14.3.1;
						TestTargetID = 63A7C7BF2A7941A600FE8BBC;
					};
				};
			};
			buildConfigurationList = 63A7C7BB2A7941A600FE8BBC /* Build configuration list for PBXProject "Landmark" */;
			compatibilityVersion = "Xcode 14.0";
			developmentRegion = en;
			hasScannedForEncodings = 0;
			knownRegions = (
				en,
				Base,
			);
			mainGroup = 63A7C7B72A7941A600FE8BBC;
			productRefGroup = 63A7C7C12A7941A600FE8BBC /* Products */;
			projectDirPath = "";
			projectRoot = "";
			targets = (
				63A7C7BF2A7941A600FE8BBC /* Landmark */,
				63A7C7D52A7941A800FE8BBC /* LandmarkTests */,
				63A7C7DF2A7941A800FE8BBC /* LandmarkUITests */,
			);
		};
/* End PBXProject section */

/* Begin PBXResourcesBuildPhase section */
		63A7C7BE2A7941A600FE8BBC /* Resources */ = {
			isa = PBXResourcesBuildPhase;
			buildActionMask = 2147483647;
			files = (
				63A7C7D12A7941A800FE8BBC /* Preview Assets.xcassets in Resources */,
				63A7C7CD2A7941A800FE8BBC /* Assets.xcassets in Resources */,
				63B4CD442A7BD8A100E2DBDC /* landmarkData.json in Resources */,
			);
			runOnlyForDeploymentPostprocessing = 0;
		};
		63A7C7D42A7941A800FE8BBC /* Resources */ = {
			isa = PBXResourcesBuildPhase;
			buildActionMask = 2147483647;
			files = (
			);
			runOnlyForDeploymentPostprocessing = 0;
		};
		63A7C7DE2A7941A800FE8BBC /* Resources */ = {
			isa = PBXResourcesBuildPhase;
			buildActionMask = 2147483647;
			files = (
			);
			runOnlyForDeploymentPostprocessing = 0;
		};
/* End PBXResourcesBuildPhase section */

/* Begin PBXSourcesBuildPhase section */
		63A7C7BC2A7941A600FE8BBC /* Sources */ = {
			isa = PBXSourcesBuildPhase;
			buildActionMask = 2147483647;
			files = (
				63B4CD462A7BD8C700E2DBDC /* Landmark.swift in Sources */,
				63A7C7C92A7941A600FE8BBC /* Landmark.xcdatamodeld in Sources */,
				63B4CD402A7BCB2800E2DBDC /* MapView.swift in Sources */,
				63B4CD482A7BDF3800E2DBDC /* ModelData.swift in Sources */,
				63A7C7C42A7941A600FE8BBC /* LandmarkApp.swift in Sources */,
				6382BEA12A81311600EAC453 /* LandMarkDetail.swift in Sources */,
				6382BE9F2A812D4900EAC453 /* LandMarkList.swift in Sources */,
				63A7C7CB2A7941A600FE8BBC /* ContentView.swift in Sources */,
				6382BE9D2A8129FA00EAC453 /* LandMarkRow.swift in Sources */,
				63A7C7C62A7941A600FE8BBC /* Persistence.swift in Sources */,
				63B4CD3E2A7BC9C500E2DBDC /* CircleImage.swift in Sources */,
			);
			runOnlyForDeploymentPostprocessing = 0;
		};
		63A7C7D22A7941A800FE8BBC /* Sources */ = {
			isa = PBXSourcesBuildPhase;
			buildActionMask = 2147483647;
			files = (
				63A7C7DB2A7941A800FE8BBC /* LandmarkTests.swift in Sources */,
			);
			runOnlyForDeploymentPostprocessing = 0;
		};
		63A7C7DC2A7941A800FE8BBC /* Sources */ = {
			isa = PBXSourcesBuildPhase;
			buildActionMask = 2147483647;
			files = (
				63A7C7E72A7941A800FE8BBC /* LandmarkUITestsLaunchTests.swift in Sources */,
				63A7C7E52A7941A800FE8BBC /* LandmarkUITests.swift in Sources */,
			);
			runOnlyForDeploymentPostprocessing = 0;
		};
/* End PBXSourcesBuildPhase section */

/* Begin PBXTargetDependency section */
		63A7C7D82A7941A800FE8BBC /* PBXTargetDependency */ = {
			isa = PBXTargetDependency;
			target = 63A7C7BF2A7941A600FE8BBC /* Landmark */;
			targetProxy = 63A7C7D72A7941A800FE8BBC /* PBXContainerItemProxy */;
		};
		63A7C7E22A7941A800FE8BBC /* PBXTargetDependency */ = {
			isa = PBXTargetDependency;
			target = 63A7C7BF2A7941A600FE8BBC /* Landmark */;
			targetProxy = 63A7C7E12A7941A800FE8BBC /* PBXContainerItemProxy */;
		};
/* End PBXTargetDependency section */

/* Begin XCBuildConfiguration section */
		63A7C7E82A7941A800FE8BBC /* Debug */ = {
			isa = XCBuildConfiguration;
			buildSettings = {
				ALWAYS_SEARCH_USER_PATHS = NO;
				CLANG_ANALYZER_NONNULL = YES;
				CLANG_ANALYZER_NUMBER_OBJECT_CONVERSION = YES_AGGRESSIVE;
				CLANG_CXX_LANGUAGE_STANDARD = "gnu++20";
				CLANG_ENABLE_MODULES = YES;
				CLANG_ENABLE_OBJC_ARC = YES;
				CLANG_ENABLE_OBJC_WEAK = YES;
				CLANG_WARN_BLOCK_CAPTURE_AUTORELEASING = YES;
				CLANG_WARN_BOOL_CONVERSION = YES;
				CLANG_WARN_COMMA = YES;
				CLANG_WARN_CONSTANT_CONVERSION = YES;
				CLANG_WARN_DEPRECATED_OBJC_IMPLEMENTATIONS = YES;
				CLANG_WARN_DIRECT_OBJC_ISA_USAGE = YES_ERROR;
				CLANG_WARN_DOCUMENTATION_COMMENTS = YES;
				CLANG_WARN_EMPTY_BODY = YES;
				CLANG_WARN_ENUM_CONVERSION = YES;
				CLANG_WARN_INFINITE_RECURSION = YES;
				CLANG_WARN_INT_CONVERSION = YES;
				CLANG_WARN_NON_LITERAL_NULL_CONVERSION = YES;
				CLANG_WARN_OBJC_IMPLICIT_RETAIN_SELF = YES;
				CLANG_WARN_OBJC_LITERAL_CONVERSION = YES;
				CLANG_WARN_OBJC_ROOT_CLASS = YES_ERROR;
				CLANG_WARN_QUOTED_INCLUDE_IN_FRAMEWORK_HEADER = YES;
				CLANG_WARN_RANGE_LOOP_ANALYSIS = YES;
				CLANG_WARN_STRICT_PROTOTYPES = YES;
				CLANG_WARN_SUSPICIOUS_MOVE = YES;
				CLANG_WARN_UNGUARDED_AVAILABILITY = YES_AGGRESSIVE;
				CLANG_WARN_UNREACHABLE_CODE = YES;
				CLANG_WARN__DUPLICATE_METHOD_MATCH = YES;
				COPY_PHASE_STRIP = NO;
				DEBUG_INFORMATION_FORMAT = dwarf;
				ENABLE_STRICT_OBJC_MSGSEND = YES;
				ENABLE_TESTABILITY = YES;
				GCC_C_LANGUAGE_STANDARD = gnu11;
				GCC_DYNAMIC_NO_PIC = NO;
				GCC_NO_COMMON_BLOCKS = YES;
				GCC_OPTIMIZATION_LEVEL = 0;
				GCC_PREPROCESSOR_DEFINITIONS = (
					"DEBUG=1",
					"$(inherited)",
				);
				GCC_WARN_64_TO_32_BIT_CONVERSION = YES;
				GCC_WARN_ABOUT_RETURN_TYPE = YES_ERROR;
				GCC_WARN_UNDECLARED_SELECTOR = YES;
				GCC_WARN_UNINITIALIZED_AUTOS = YES_AGGRESSIVE;
				GCC_WARN_UNUSED_FUNCTION = YES;
				GCC_WARN_UNUSED_VARIABLE = YES;
				MTL_ENABLE_DEBUG_INFO = INCLUDE_SOURCE;
				MTL_FAST_MATH = YES;
				ONLY_ACTIVE_ARCH = YES;
				SWIFT_ACTIVE_COMPILATION_CONDITIONS = DEBUG;
				SWIFT_OPTIMIZATION_LEVEL = "-Onone";
			};
			name = Debug;
		};
		63A7C7E92A7941A800FE8BBC /* Release */ = {
			isa = XCBuildConfiguration;
			buildSettings = {
				ALWAYS_SEARCH_USER_PATHS = NO;
				CLANG_ANALYZER_NONNULL = YES;
				CLANG_ANALYZER_NUMBER_OBJECT_CONVERSION = YES_AGGRESSIVE;
				CLANG_CXX_LANGUAGE_STANDARD = "gnu++20";
				CLANG_ENABLE_MODULES = YES;
				CLANG_ENABLE_OBJC_ARC = YES;
				CLANG_ENABLE_OBJC_WEAK = YES;
				CLANG_WARN_BLOCK_CAPTURE_AUTORELEASING = YES;
				CLANG_WARN_BOOL_CONVERSION = YES;
				CLANG_WARN_COMMA = YES;
				CLANG_WARN_CONSTANT_CONVERSION = YES;
				CLANG_WARN_DEPRECATED_OBJC_IMPLEMENTATIONS = YES;
				CLANG_WARN_DIRECT_OBJC_ISA_USAGE = YES_ERROR;
				CLANG_WARN_DOCUMENTATION_COMMENTS = YES;
				CLANG_WARN_EMPTY_BODY = YES;
				CLANG_WARN_ENUM_CONVERSION = YES;
				CLANG_WARN_INFINITE_RECURSION = YES;
				CLANG_WARN_INT_CONVERSION = YES;
				CLANG_WARN_NON_LITERAL_NULL_CONVERSION = YES;
				CLANG_WARN_OBJC_IMPLICIT_RETAIN_SELF = YES;
				CLANG_WARN_OBJC_LITERAL_CONVERSION = YES;
				CLANG_WARN_OBJC_ROOT_CLASS = YES_ERROR;
				CLANG_WARN_QUOTED_INCLUDE_IN_FRAMEWORK_HEADER = YES;
				CLANG_WARN_RANGE_LOOP_ANALYSIS = YES;
				CLANG_WARN_STRICT_PROTOTYPES = YES;
				CLANG_WARN_SUSPICIOUS_MOVE = YES;
				CLANG_WARN_UNGUARDED_AVAILABILITY = YES_AGGRESSIVE;
				CLANG_WARN_UNREACHABLE_CODE = YES;
				CLANG_WARN__DUPLICATE_METHOD_MATCH = YES;
				COPY_PHASE_STRIP = NO;
				DEBUG_INFORMATION_FORMAT = "dwarf-with-dsym";
				ENABLE_NS_ASSERTIONS = NO;
				ENABLE_STRICT_OBJC_MSGSEND = YES;
				GCC_C_LANGUAGE_STANDARD = gnu11;
				GCC_NO_COMMON_BLOCKS = YES;
				GCC_WARN_64_TO_32_BIT_CONVERSION = YES;
				GCC_WARN_ABOUT_RETURN_TYPE = YES_ERROR;
				GCC_WARN_UNDECLARED_SELECTOR = YES;
				GCC_WARN_UNINITIALIZED_AUTOS = YES_AGGRESSIVE;
				GCC_WARN_UNUSED_FUNCTION = YES;
				GCC_WARN_UNUSED_VARIABLE = YES;
				MTL_ENABLE_DEBUG_INFO = NO;
				MTL_FAST_MATH = YES;
				SWIFT_COMPILATION_MODE = wholemodule;
				SWIFT_OPTIMIZATION_LEVEL = "-O";
			};
			name = Release;
		};
		63A7C7EB2A7941A800FE8BBC /* Debug */ = {
			isa = XCBuildConfiguration;
			buildSettings = {
				ASSETCATALOG_COMPILER_APPICON_NAME = AppIcon;
				ASSETCATALOG_COMPILER_GLOBAL_ACCENT_COLOR_NAME = AccentColor;
				CODE_SIGN_ENTITLEMENTS = Landmark/Landmark.entitlements;
				CODE_SIGN_STYLE = Automatic;
				CURRENT_PROJECT_VERSION = 1;
				DEVELOPMENT_ASSET_PATHS = "\"Landmark/Preview Content\"";
				ENABLE_PREVIEWS = YES;
				GENERATE_INFOPLIST_FILE = YES;
				"INFOPLIST_KEY_UIApplicationSceneManifest_Generation[sdk=iphoneos*]" = YES;
				"INFOPLIST_KEY_UIApplicationSceneManifest_Generation[sdk=iphonesimulator*]" = YES;
				"INFOPLIST_KEY_UIApplicationSupportsIndirectInputEvents[sdk=iphoneos*]" = YES;
				"INFOPLIST_KEY_UIApplicationSupportsIndirectInputEvents[sdk=iphonesimulator*]" = YES;
				"INFOPLIST_KEY_UILaunchScreen_Generation[sdk=iphoneos*]" = YES;
				"INFOPLIST_KEY_UILaunchScreen_Generation[sdk=iphonesimulator*]" = YES;
				"INFOPLIST_KEY_UIStatusBarStyle[sdk=iphoneos*]" = UIStatusBarStyleDefault;
				"INFOPLIST_KEY_UIStatusBarStyle[sdk=iphonesimulator*]" = UIStatusBarStyleDefault;
				INFOPLIST_KEY_UISupportedInterfaceOrientations_iPad = "UIInterfaceOrientationPortrait UIInterfaceOrientationPortraitUpsideDown UIInterfaceOrientationLandscapeLeft UIInterfaceOrientationLandscapeRight";
				INFOPLIST_KEY_UISupportedInterfaceOrientations_iPhone = "UIInterfaceOrientationPortrait UIInterfaceOrientationLandscapeLeft UIInterfaceOrientationLandscapeRight";
				IPHONEOS_DEPLOYMENT_TARGET = 16.4;
				LD_RUNPATH_SEARCH_PATHS = "@executable_path/Frameworks";
				"LD_RUNPATH_SEARCH_PATHS[sdk=macosx*]" = "@executable_path/../Frameworks";
				MACOSX_DEPLOYMENT_TARGET = 13.3;
				MARKETING_VERSION = 1.0;
				PRODUCT_BUNDLE_IDENTIFIER = nlstech.Landmark;
				PRODUCT_NAME = "$(TARGET_NAME)";
				SDKROOT = auto;
				SUPPORTED_PLATFORMS = "iphoneos iphonesimulator macosx";
				SWIFT_EMIT_LOC_STRINGS = YES;
				SWIFT_VERSION = 5.0;
				TARGETED_DEVICE_FAMILY = "1,2";
			};
			name = Debug;
		};
		63A7C7EC2A7941A800FE8BBC /* Release */ = {
			isa = XCBuildConfiguration;
			buildSettings = {
				ASSETCATALOG_COMPILER_APPICON_NAME = AppIcon;
				ASSETCATALOG_COMPILER_GLOBAL_ACCENT_COLOR_NAME = AccentColor;
				CODE_SIGN_ENTITLEMENTS = Landmark/Landmark.entitlements;
				CODE_SIGN_STYLE = Automatic;
				CURRENT_PROJECT_VERSION = 1;
				DEVELOPMENT_ASSET_PATHS = "\"Landmark/Preview Content\"";
				ENABLE_PREVIEWS = YES;
				GENERATE_INFOPLIST_FILE = YES;
				"INFOPLIST_KEY_UIApplicationSceneManifest_Generation[sdk=iphoneos*]" = YES;
				"INFOPLIST_KEY_UIApplicationSceneManifest_Generation[sdk=iphonesimulator*]" = YES;
				"INFOPLIST_KEY_UIApplicationSupportsIndirectInputEvents[sdk=iphoneos*]" = YES;
				"INFOPLIST_KEY_UIApplicationSupportsIndirectInputEvents[sdk=iphonesimulator*]" = YES;
				"INFOPLIST_KEY_UILaunchScreen_Generation[sdk=iphoneos*]" = YES;
				"INFOPLIST_KEY_UILaunchScreen_Generation[sdk=iphonesimulator*]" = YES;
				"INFOPLIST_KEY_UIStatusBarStyle[sdk=iphoneos*]" = UIStatusBarStyleDefault;
				"INFOPLIST_KEY_UIStatusBarStyle[sdk=iphonesimulator*]" = UIStatusBarStyleDefault;
				INFOPLIST_KEY_UISupportedInterfaceOrientations_iPad = "UIInterfaceOrientationPortrait UIInterfaceOrientationPortraitUpsideDown UIInterfaceOrientationLandscapeLeft UIInterfaceOrientationLandscapeRight";
				INFOPLIST_KEY_UISupportedInterfaceOrientations_iPhone = "UIInterfaceOrientationPortrait UIInterfaceOrientationLandscapeLeft UIInterfaceOrientationLandscapeRight";
				IPHONEOS_DEPLOYMENT_TARGET = 16.4;
				LD_RUNPATH_SEARCH_PATHS = "@executable_path/Frameworks";
				"LD_RUNPATH_SEARCH_PATHS[sdk=macosx*]" = "@executable_path/../Frameworks";
				MACOSX_DEPLOYMENT_TARGET = 13.3;
				MARKETING_VERSION = 1.0;
				PRODUCT_BUNDLE_IDENTIFIER = nlstech.Landmark;
				PRODUCT_NAME = "$(TARGET_NAME)";
				SDKROOT = auto;
				SUPPORTED_PLATFORMS = "iphoneos iphonesimulator macosx";
				SWIFT_EMIT_LOC_STRINGS = YES;
				SWIFT_VERSION = 5.0;
				TARGETED_DEVICE_FAMILY = "1,2";
			};
			name = Release;
		};
		63A7C7EE2A7941A800FE8BBC /* Debug */ = {
			isa = XCBuildConfiguration;
			buildSettings = {
				ALWAYS_EMBED_SWIFT_STANDARD_LIBRARIES = YES;
				BUNDLE_LOADER = "$(TEST_HOST)";
				CODE_SIGN_STYLE = Automatic;
				CURRENT_PROJECT_VERSION = 1;
				GENERATE_INFOPLIST_FILE = YES;
				IPHONEOS_DEPLOYMENT_TARGET = 16.4;
				MACOSX_DEPLOYMENT_TARGET = 13.3;
				MARKETING_VERSION = 1.0;
				PRODUCT_BUNDLE_IDENTIFIER = nlstech.LandmarkTests;
				PRODUCT_NAME = "$(TARGET_NAME)";
				SDKROOT = auto;
				SUPPORTED_PLATFORMS = "iphoneos iphonesimulator macosx";
				SWIFT_EMIT_LOC_STRINGS = NO;
				SWIFT_VERSION = 5.0;
				TARGETED_DEVICE_FAMILY = "1,2";
				TEST_HOST = "$(BUILT_PRODUCTS_DIR)/Landmark.app/$(BUNDLE_EXECUTABLE_FOLDER_PATH)/Landmark";
			};
			name = Debug;
		};
		63A7C7EF2A7941A800FE8BBC /* Release */ = {
			isa = XCBuildConfiguration;
			buildSettings = {
				ALWAYS_EMBED_SWIFT_STANDARD_LIBRARIES = YES;
				BUNDLE_LOADER = "$(TEST_HOST)";
				CODE_SIGN_STYLE = Automatic;
				CURRENT_PROJECT_VERSION = 1;
				GENERATE_INFOPLIST_FILE = YES;
				IPHONEOS_DEPLOYMENT_TARGET = 16.4;
				MACOSX_DEPLOYMENT_TARGET = 13.3;
				MARKETING_VERSION = 1.0;
				PRODUCT_BUNDLE_IDENTIFIER = nlstech.LandmarkTests;
				PRODUCT_NAME = "$(TARGET_NAME)";
				SDKROOT = auto;
				SUPPORTED_PLATFORMS = "iphoneos iphonesimulator macosx";
				SWIFT_EMIT_LOC_STRINGS = NO;
				SWIFT_VERSION = 5.0;
				TARGETED_DEVICE_FAMILY = "1,2";
				TEST_HOST = "$(BUILT_PRODUCTS_DIR)/Landmark.app/$(BUNDLE_EXECUTABLE_FOLDER_PATH)/Landmark";
			};
			name = Release;
		};
		63A7C7F12A7941A800FE8BBC /* Debug */ = {
			isa = XCBuildConfiguration;
			buildSettings = {
				ALWAYS_EMBED_SWIFT_STANDARD_LIBRARIES = YES;
				CODE_SIGN_STYLE = Automatic;
				CURRENT_PROJECT_VERSION = 1;
				GENERATE_INFOPLIST_FILE = YES;
				IPHONEOS_DEPLOYMENT_TARGET = 16.4;
				MACOSX_DEPLOYMENT_TARGET = 13.3;
				MARKETING_VERSION = 1.0;
				PRODUCT_BUNDLE_IDENTIFIER = nlstech.LandmarkUITests;
				PRODUCT_NAME = "$(TARGET_NAME)";
				SDKROOT = auto;
				SUPPORTED_PLATFORMS = "iphoneos iphonesimulator macosx";
				SWIFT_EMIT_LOC_STRINGS = NO;
				SWIFT_VERSION = 5.0;
				TARGETED_DEVICE_FAMILY = "1,2";
				TEST_TARGET_NAME = Landmark;
			};
			name = Debug;
		};
		63A7C7F22A7941A800FE8BBC /* Release */ = {
			isa = XCBuildConfiguration;
			buildSettings = {
				ALWAYS_EMBED_SWIFT_STANDARD_LIBRARIES = YES;
				CODE_SIGN_STYLE = Automatic;
				CURRENT_PROJECT_VERSION = 1;
				GENERATE_INFOPLIST_FILE = YES;
				IPHONEOS_DEPLOYMENT_TARGET = 16.4;
				MACOSX_DEPLOYMENT_TARGET = 13.3;
				MARKETING_VERSION = 1.0;
				PRODUCT_BUNDLE_IDENTIFIER = nlstech.LandmarkUITests;
				PRODUCT_NAME = "$(TARGET_NAME)";
				SDKROOT = auto;
				SUPPORTED_PLATFORMS = "iphoneos iphonesimulator macosx";
				SWIFT_EMIT_LOC_STRINGS = NO;
				SWIFT_VERSION = 5.0;
				TARGETED_DEVICE_FAMILY = "1,2";
				TEST_TARGET_NAME = Landmark;
			};
			name = Release;
		};
/* End XCBuildConfiguration section */

/* Begin XCConfigurationList section */
		63A7C7BB2A7941A600FE8BBC /* Build configuration list for PBXProject "Landmark" */ = {
			isa = XCConfigurationList;
			buildConfigurations = (
				63A7C7E82A7941A800FE8BBC /* Debug */,
				63A7C7E92A7941A800FE8BBC /* Release */,
			);
			defaultConfigurationIsVisible = 0;
			defaultConfigurationName = Release;
		};
		63A7C7EA2A7941A800FE8BBC /* Build configuration list for PBXNativeTarget "Landmark" */ = {
			isa = XCConfigurationList;
			buildConfigurations = (
				63A7C7EB2A7941A800FE8BBC /* Debug */,
				63A7C7EC2A7941A800FE8BBC /* Release */,
			);
			defaultConfigurationIsVisible = 0;
			defaultConfigurationName = Release;
		};
		63A7C7ED2A7941A800FE8BBC /* Build configuration list for PBXNativeTarget "LandmarkTests" */ = {
			isa = XCConfigurationList;
			buildConfigurations = (
				63A7C7EE2A7941A800FE8BBC /* Debug */,
				63A7C7EF2A7941A800FE8BBC /* Release */,
			);
			defaultConfigurationIsVisible = 0;
			defaultConfigurationName = Release;
		};
		63A7C7F02A7941A800FE8BBC /* Build configuration list for PBXNativeTarget "LandmarkUITests" */ = {
			isa = XCConfigurationList;
			buildConfigurations = (
				63A7C7F12A7941A800FE8BBC /* Debug */,
				63A7C7F22A7941A800FE8BBC /* Release */,
			);
			defaultConfigurationIsVisible = 0;
			defaultConfigurationName = Release;
		};
/* End XCConfigurationList section */

/* Begin XCVersionGroup section */
		63A7C7C72A7941A600FE8BBC /* Landmark.xcdatamodeld */ = {
			isa = XCVersionGroup;
			children = (
				63A7C7C82A7941A600FE8BBC /* Landmark.xcdatamodel */,
			);
			currentVersion = 63A7C7C82A7941A600FE8BBC /* Landmark.xcdatamodel */;
			path = Landmark.xcdatamodeld;
			sourceTree = "<group>";
			versionGroupType = wrapper.xcdatamodel;
		};
/* End XCVersionGroup section */
	};
	rootObject = 63A7C7B82A7941A600FE8BBC /* Project object */;
}
